{
  "version": 1,
  "dependencies": {
    ".NETStandard,Version=v2.0": {
      "Microsoft.AspNetCore.Diagnostics.HealthChecks": {
        "type": "Direct",
        "requested": "[*, 9999.0.0]",
        "resolved": "2.2.0",
        "contentHash": "RNmdLy9yncTprony49cuwhyTKoROpVflGM+pKlHA1671F00QUsjoY1Oi6xoa9XsUrfRDRYlxbt2CHYCMLzMh7Q==",
        "dependencies": {
          "Microsoft.AspNetCore.Http.Abstractions": "2.2.0",
          "Microsoft.Extensions.Diagnostics.HealthChecks": "2.2.0",
          "Microsoft.Extensions.Options": "2.2.0",
          "Microsoft.Net.Http.Headers": "2.2.0"
        }
      },
      "Microsoft.AspNetCore.Http.Abstractions": {
        "type": "Direct",
        "requested": "[*, 9999.0.0]",
        "resolved": "2.2.0",
        "contentHash": "Nxs7Z1q3f1STfLYKJSVXCs1iBl+Ya6E8o4Oy1bCxJ/rNI44E/0f6tbsrVqAWfB7jlnJfyaAtIalBVxPKUPQb4Q==",
        "dependencies": {
          "Microsoft.AspNetCore.Http.Features": "2.2.0",
          "System.Text.Encodings.Web": "4.5.0"
        }
      },
      "NETStandard.Library": {
        "type": "Direct",
        "requested": "[2.0.3, )",
        "resolved": "2.0.3",
        "contentHash": "wPMehlY4tg4UwAJOTWdT+M6MntouzD5Eu2XEvYoctfyXm3tKVPVEyekPPBGEYlByN8WX8HpY/MfHTVx9PEtzkQ==",
        "dependencies": {
          "Microsoft.NETCore.Platforms": "1.1.0"
        }
      },
      "Newtonsoft.Json": {
        "type": "Direct",
        "requested": "[*, 9999.0.0]",
        "resolved": "12.0.2",
        "contentHash": "rTK0s2EKlfHsQsH6Yx2smvcTCeyoDNgCW7FEYyV01drPlh2T243PR2DiDXqtC5N4GDm4Ma/lkxfW5a/4793vbA=="
      },
      "Microsoft.AspNetCore.Http.Features": {
        "type": "Transitive",
        "resolved": "2.2.0",
        "contentHash": "ziFz5zH8f33En4dX81LW84I6XrYXKf9jg6aM39cM+LffN9KJahViKZ61dGMSO2gd3e+qe5yBRwsesvyqlZaSMg==",
        "dependencies": {
          "Microsoft.Extensions.Primitives": "2.2.0"
        }
      },
      "Microsoft.Extensions.Configuration": {
        "type": "Transitive",
        "resolved": "2.2.0",
        "contentHash": "nOP8R1mVb/6mZtm2qgAJXn/LFm/2kMjHDAg/QJLFG6CuWYJtaD3p1BwQhufBVvRzL9ceJ/xF0SQ0qsI2GkDQAA==",
        "dependencies": {
          "Microsoft.Extensions.Configuration.Abstractions": "2.2.0"
        }
      },
      "Microsoft.Extensions.Configuration.Abstractions": {
        "type": "Transitive",
        "resolved": "2.2.0",
        "contentHash": "65MrmXCziWaQFrI0UHkQbesrX5wTwf9XPjY5yFm/VkgJKFJ5gqvXRoXjIZcf2wLi5ZlwGz/oMYfyURVCWbM5iw==",
        "dependencies": {
          "Microsoft.Extensions.Primitives": "2.2.0"
        }
      },
      "Microsoft.Extensions.Configuration.Binder": {
        "type": "Transitive",
        "resolved": "2.2.0",
        "contentHash": "vJ9xvOZCnUAIHcGC3SU35r3HKmHTVIeHzo6u/qzlHAqD8m6xv92MLin4oJntTvkpKxVX3vI1GFFkIQtU3AdlsQ==",
        "dependencies": {
          "Microsoft.Extensions.Configuration": "2.2.0"
        }
      },
      "Microsoft.Extensions.DependencyInjection.Abstractions": {
        "type": "Transitive",
        "resolved": "2.2.0",
        "contentHash": "f9hstgjVmr6rmrfGSpfsVOl2irKAgr1QjrSi3FgnS7kulxband50f2brRLwySAQTADPZeTdow0mpSMcoAdadCw=="
      },
      "Microsoft.Extensions.Diagnostics.HealthChecks": {
        "type": "Transitive",
        "resolved": "2.2.0",
        "contentHash": "p9njfetdebuplBCkIJPqyxsUIOBf/7B/RhPXZnFjh+/wqWNRqhP/1s18q1me9XP0l8uCD8TqJRPC+L0MCoUGRA==",
        "dependencies": {
          "Microsoft.Extensions.Diagnostics.HealthChecks.Abstractions": "2.2.0",
          "Microsoft.Extensions.Hosting.Abstractions": "2.2.0",
          "Microsoft.Extensions.Options": "2.2.0"
        }
      },
      "Microsoft.Extensions.Diagnostics.HealthChecks.Abstractions": {
        "type": "Transitive",
        "resolved": "2.2.0",
        "contentHash": "cO6f4csTakJXuLWnU/p5mfQInyNq5sSi4mS2YtQZcGoHynU6P/TD6gjqt1TRnVfwuZLw3tmmw2ipFrHbBUqWew=="
      },
      "Microsoft.Extensions.FileProviders.Abstractions": {
        "type": "Transitive",
        "resolved": "2.2.0",
        "contentHash": "EcnaSsPTqx2MGnHrmWOD0ugbuuqVT8iICqSqPzi45V5/MA1LjUNb0kwgcxBGqizV1R+WeBK7/Gw25Jzkyk9bIw==",
        "dependencies": {
          "Microsoft.Extensions.Primitives": "2.2.0"
        }
      },
      "Microsoft.Extensions.Hosting.Abstractions": {
        "type": "Transitive",
        "resolved": "2.2.0",
        "contentHash": "+k4AEn68HOJat5gj1TWa6X28WlirNQO9sPIIeQbia+91n03esEtMSSoekSTpMjUzjqtJWQN3McVx0GvSPFHF/Q==",
        "dependencies": {
          "Microsoft.Extensions.Configuration.Abstractions": "2.2.0",
          "Microsoft.Extensions.DependencyInjection.Abstractions": "2.2.0",
          "Microsoft.Extensions.FileProviders.Abstractions": "2.2.0",
          "Microsoft.Extensions.Logging.Abstractions": "2.2.0"
        }
      },
      "Microsoft.Extensions.Logging": {
        "type": "Transitive",
        "resolved": "2.2.0",
        "contentHash": "Nxqhadc9FCmFHzU+fz3oc8sFlE6IadViYg8dfUdGzJZ2JUxnCsRghBhhOWdM4B2zSZqEc+0BjliBh/oNdRZuig==",
        "dependencies": {
          "Microsoft.Extensions.Configuration.Binder": "2.2.0",
          "Microsoft.Extensions.DependencyInjection.Abstractions": "2.2.0",
          "Microsoft.Extensions.Logging.Abstractions": "2.2.0",
          "Microsoft.Extensions.Options": "2.2.0"
        }
      },
      "Microsoft.Extensions.Logging.Abstractions": {
        "type": "Transitive",
        "resolved": "2.2.0",
        "contentHash": "B2WqEox8o+4KUOpL7rZPyh6qYjik8tHi2tN8Z9jZkHzED8ElYgZa/h6K+xliB435SqUcWT290Fr2aa8BtZjn8A=="
      },
      "Microsoft.Extensions.Options": {
        "type": "Transitive",
        "resolved": "2.2.0",
        "contentHash": "UpZLNLBpIZ0GTebShui7xXYh6DmBHjWM8NxGxZbdQh/bPZ5e6YswqI+bru6BnEL5eWiOdodsXtEz3FROcgi/qg==",
        "dependencies": {
          "Microsoft.Extensions.DependencyInjection.Abstractions": "2.2.0",
          "Microsoft.Extensions.Primitives": "2.2.0",
          "System.ComponentModel.Annotations": "4.5.0"
        }
      },
      "Microsoft.Extensions.Primitives": {
        "type": "Transitive",
        "resolved": "2.2.0",
        "contentHash": "azyQtqbm4fSaDzZHD/J+V6oWMFaf2tWP4WEGIYePLCMw3+b2RQdj9ybgbQyjCshcitQKQ4lEDOZjmSlTTrHxUg==",
        "dependencies": {
          "System.Memory": "4.5.1",
          "System.Runtime.CompilerServices.Unsafe": "4.5.1"
        }
      },
      "Microsoft.Net.Http.Headers": {
        "type": "Transitive",
        "resolved": "2.2.0",
        "contentHash": "iZNkjYqlo8sIOI0bQfpsSoMTmB/kyvmV2h225ihyZT33aTp48ZpF6qYnXxzSXmHt8DpBAwBTX+1s1UFLbYfZKg==",
        "dependencies": {
          "Microsoft.Extensions.Primitives": "2.2.0",
          "System.Buffers": "4.5.0"
        }
      },
      "Microsoft.NETCore.Platforms": {
        "type": "Transitive",
        "resolved": "1.1.0",
        "contentHash": "kz0PEW2lhqygehI/d6XsPCQzD7ff7gUJaVGPVETX611eadGsA3A877GdSlU0LRVMCTH/+P3o2iDTak+S08V2+A=="
      },
      "System.Buffers": {
        "type": "Transitive",
        "resolved": "4.5.0",
        "contentHash": "XwTNJELps//tFok+19Nhf89yQWklXcQ1X3cANgxY9spvbwDouTu+Xv7ajHx/k4et1dwpewtkSUpIBavv2N3ZTQ=="
      },
      "System.ComponentModel.Annotations": {
        "type": "Transitive",
        "resolved": "4.5.0",
        "contentHash": "UxYQ3FGUOtzJ7LfSdnYSFd7+oEv6M8NgUatatIN2HxNtDdlcvFAf+VIq4Of9cDMJEJC0aSRv/x898RYhB4Yppg=="
      },
      "System.Memory": {
        "type": "Transitive",
        "resolved": "4.5.1",
        "contentHash": "sDJYJpGtTgx+23Ayu5euxG5mAXWdkDb4+b0rD0Cab0M1oQS9H0HXGPriKcqpXuiJDTV7fTp/d+fMDJmnr6sNvA==",
        "dependencies": {
          "System.Buffers": "4.4.0",
          "System.Numerics.Vectors": "4.4.0",
          "System.Runtime.CompilerServices.Unsafe": "4.5.0"
        }
      },
      "System.Numerics.Vectors": {
        "type": "Transitive",
        "resolved": "4.4.0",
        "contentHash": "UiLzLW+Lw6HLed1Hcg+8jSRttrbuXv7DANVj0DkL9g6EnnzbL75EB7EWsw5uRbhxd/4YdG8li5XizGWepmG3PQ=="
      },
      "System.Runtime.CompilerServices.Unsafe": {
        "type": "Transitive",
        "resolved": "4.5.1",
        "contentHash": "Zh8t8oqolRaFa9vmOZfdQm/qKejdqz0J9kr7o2Fu0vPeoH3BL1EOXipKWwkWtLT1JPzjByrF19fGuFlNbmPpiw=="
      },
      "System.Text.Encodings.Web": {
        "type": "Transitive",
        "resolved": "4.5.0",
        "contentHash": "Xg4G4Indi4dqP1iuAiMSwpiWS54ZghzR644OtsRCm/m/lBMG8dUBhLVN7hLm8NNrNTR+iGbshCPTwrvxZPlm4g=="
      },
      "pochealthcheck.logging": {
        "type": "Project",
        "dependencies": {
          "Microsoft.Extensions.Logging": "[0.0.0, 9999.0.0]"
        }
      },
      "pochealthcheck.monitoring": {
        "type": "Project",
        "dependencies": {
          "PocHealthcheck.Monitoring.Configuration": "1.0.0"
        }
      },
      "pochealthcheck.monitoring.configuration": {
        "type": "Project"
      }
    }
  }
}